
Microsoft Visual Studio Solution File, Format Version 12.00
# Visual Studio Version 16
VisualStudioVersion = 16.0.30907.101
MinimumVisualStudioVersion = 10.0.40219.1
Project("{FAE04EC0-301F-11D3-BF4B-00C04F79EFBC}") = "ListLibrary", "ListLibrary.csproj", "{922C2824-6B02-4852-B6A9-9846581BFB0B}"
EndProject
Global
	GlobalSection(SolutionConfigurationPlatforms) = preSolution
		Debug|Any CPU = Debug|Any CPU
		Release|Any CPU = Release|Any CPU
	EndGlobalSection
	GlobalSection(ProjectConfigurationPlatforms) = postSolution
		{922C2824-6B02-4852-B6A9-9846581BFB0B}.Debug|Any CPU.ActiveCfg = Debug|Any CPU
		{922C2824-6B02-4852-B6A9-9846581BFB0B}.Debug|Any CPU.Build.0 = Debug|Any CPU
		{922C2824-6B02-4852-B6A9-9846581BFB0B}.Release|Any CPU.ActiveCfg = Release|Any CPU
		{922C2824-6B02-4852-B6A9-9846581BFB0B}.Release|Any CPU.Build.0 = Release|Any CPU
	EndGlobalSection
	GlobalSection(SolutionProperties) = preSolution
		HideSolutionNode = FALSE
	EndGlobalSection
	GlobalSection(ExtensibilityGlobals) = postSolution
		SolutionGuid = {33CC22B5-7108-4AB8-97CD-4535F2F8FBAF}
	EndGlobalSection
EndGlobal
